// !$*UTF8*$!
{
	archiveVersion = 1;
	classes = {
	};
	objectVersion = 46;
	objects = {

/* Begin PBXBuildFile section */
		725766731933D08600879646 /* Foundation.framework in Frameworks */ = {isa = PBXBuildFile; fileRef = 725766721933D08600879646 /* Foundation.framework */; };
		725766751933D08600879646 /* CoreGraphics.framework in Frameworks */ = {isa = PBXBuildFile; fileRef = 725766741933D08600879646 /* CoreGraphics.framework */; };
		725766771933D08600879646 /* UIKit.framework in Frameworks */ = {isa = PBXBuildFile; fileRef = 725766761933D08600879646 /* UIKit.framework */; };
		7257667D1933D08600879646 /* InfoPlist.strings in Resources */ = {isa = PBXBuildFile; fileRef = 7257667B1933D08600879646 /* InfoPlist.strings */; };
		7257667F1933D08600879646 /* main.m in Sources */ = {isa = PBXBuildFile; fileRef = 7257667E1933D08600879646 /* main.m */; };
		725766831933D08600879646 /* BEPAppDelegate.m in Sources */ = {isa = PBXBuildFile; fileRef = 725766821933D08600879646 /* BEPAppDelegate.m */; };
		725766851933D08600879646 /* Images.xcassets in Resources */ = {isa = PBXBuildFile; fileRef = 725766841933D08600879646 /* Images.xcassets */; };
		7257668C1933D08700879646 /* XCTest.framework in Frameworks */ = {isa = PBXBuildFile; fileRef = 7257668B1933D08700879646 /* XCTest.framework */; };
		7257668D1933D08700879646 /* Foundation.framework in Frameworks */ = {isa = PBXBuildFile; fileRef = 725766721933D08600879646 /* Foundation.framework */; };
		7257668E1933D08700879646 /* UIKit.framework in Frameworks */ = {isa = PBXBuildFile; fileRef = 725766761933D08600879646 /* UIKit.framework */; };
		725766961933D08700879646 /* InfoPlist.strings in Resources */ = {isa = PBXBuildFile; fileRef = 725766941933D08700879646 /* InfoPlist.strings */; };
		725766981933D08700879646 /* jogoPalitoTests.m in Sources */ = {isa = PBXBuildFile; fileRef = 725766971933D08700879646 /* jogoPalitoTests.m */; };
		72B129F219367F6700EB6574 /* BEPJogador.m in Sources */ = {isa = PBXBuildFile; fileRef = 72B129F119367F6700EB6574 /* BEPJogador.m */; };
		883782501933D8A7003C183D /* BEPPalitosMaoViewController.m in Sources */ = {isa = PBXBuildFile; fileRef = 8837824E1933D8A7003C183D /* BEPPalitosMaoViewController.m */; };
		883782511933D8A7003C183D /* BEPPalitosMaoViewController.xib in Resources */ = {isa = PBXBuildFile; fileRef = 8837824F1933D8A7003C183D /* BEPPalitosMaoViewController.xib */; };
		88855BA41937B9E900B6850E /* BEPViewDefineQtdJogadores.m in Sources */ = {isa = PBXBuildFile; fileRef = 88855BA21937B9E900B6850E /* BEPViewDefineQtdJogadores.m */; };
		88855BA51937B9E900B6850E /* BEPViewDefineQtdJogadores.xib in Resources */ = {isa = PBXBuildFile; fileRef = 88855BA31937B9E900B6850E /* BEPViewDefineQtdJogadores.xib */; };
		88BCFE9D193F9F6E00F72C26 /* BEPViewMain.m in Sources */ = {isa = PBXBuildFile; fileRef = 88BCFE9B193F9F6E00F72C26 /* BEPViewMain.m */; };
		88BCFE9E193F9F6E00F72C26 /* BEPViewMain.xib in Resources */ = {isa = PBXBuildFile; fileRef = 88BCFE9C193F9F6E00F72C26 /* BEPViewMain.xib */; };
		88BCFEA2193FAEBF00F72C26 /* BEPViewDefineAposta.m in Sources */ = {isa = PBXBuildFile; fileRef = 88BCFEA0193FAEBF00F72C26 /* BEPViewDefineAposta.m */; };
		88BCFEA3193FAEBF00F72C26 /* BEPViewDefineAposta.xib in Resources */ = {isa = PBXBuildFile; fileRef = 88BCFEA1193FAEBF00F72C26 /* BEPViewDefineAposta.xib */; };
		88D1E8CE1940D5F500E4809A /* BEPViewApresentaResulSP.m in Sources */ = {isa = PBXBuildFile; fileRef = 88D1E8CC1940D5F500E4809A /* BEPViewApresentaResulSP.m */; };
		88D1E8CF1940D5F500E4809A /* BEPViewApresentaResulSP.xib in Resources */ = {isa = PBXBuildFile; fileRef = 88D1E8CD1940D5F500E4809A /* BEPViewApresentaResulSP.xib */; };
/* End PBXBuildFile section */

/* Begin PBXContainerItemProxy section */
		7257668F1933D08700879646 /* PBXContainerItemProxy */ = {
			isa = PBXContainerItemProxy;
			containerPortal = 725766671933D08600879646 /* Project object */;
			proxyType = 1;
			remoteGlobalIDString = 7257666E1933D08600879646;
			remoteInfo = jogoPalito;
		};
/* End PBXContainerItemProxy section */

/* Begin PBXFileReference section */
		7257666F1933D08600879646 /* jogoPalito.app */ = {isa = PBXFileReference; explicitFileType = wrapper.application; includeInIndex = 0; path = jogoPalito.app; sourceTree = BUILT_PRODUCTS_DIR; };
		725766721933D08600879646 /* Foundation.framework */ = {isa = PBXFileReference; lastKnownFileType = wrapper.framework; name = Foundation.framework; path = System/Library/Frameworks/Foundation.framework; sourceTree = SDKROOT; };
		725766741933D08600879646 /* CoreGraphics.framework */ = {isa = PBXFileReference; lastKnownFileType = wrapper.framework; name = CoreGraphics.framework; path = System/Library/Frameworks/CoreGraphics.framework; sourceTree = SDKROOT; };
		725766761933D08600879646 /* UIKit.framework */ = {isa = PBXFileReference; lastKnownFileType = wrapper.framework; name = UIKit.framework; path = System/Library/Frameworks/UIKit.framework; sourceTree = SDKROOT; };
		7257667A1933D08600879646 /* jogoPalito-Info.plist */ = {isa = PBXFileReference; lastKnownFileType = text.plist.xml; path = "jogoPalito-Info.plist"; sourceTree = "<group>"; };
		7257667C1933D08600879646 /* en */ = {isa = PBXFileReference; lastKnownFileType = text.plist.strings; name = en; path = en.lproj/InfoPlist.strings; sourceTree = "<group>"; };
		7257667E1933D08600879646 /* main.m */ = {isa = PBXFileReference; lastKnownFileType = sourcecode.c.objc; path = main.m; sourceTree = "<group>"; };
		725766801933D08600879646 /* jogoPalito-Prefix.pch */ = {isa = PBXFileReference; lastKnownFileType = sourcecode.c.h; path = "jogoPalito-Prefix.pch"; sourceTree = "<group>"; };
		725766811933D08600879646 /* BEPAppDelegate.h */ = {isa = PBXFileReference; lastKnownFileType = sourcecode.c.h; path = BEPAppDelegate.h; sourceTree = "<group>"; };
		725766821933D08600879646 /* BEPAppDelegate.m */ = {isa = PBXFileReference; lastKnownFileType = sourcecode.c.objc; path = BEPAppDelegate.m; sourceTree = "<group>"; };
		725766841933D08600879646 /* Images.xcassets */ = {isa = PBXFileReference; lastKnownFileType = folder.assetcatalog; path = Images.xcassets; sourceTree = "<group>"; };
		7257668A1933D08700879646 /* jogoPalitoTests.xctest */ = {isa = PBXFileReference; explicitFileType = wrapper.cfbundle; includeInIndex = 0; path = jogoPalitoTests.xctest; sourceTree = BUILT_PRODUCTS_DIR; };
		7257668B1933D08700879646 /* XCTest.framework */ = {isa = PBXFileReference; lastKnownFileType = wrapper.framework; name = XCTest.framework; path = Library/Frameworks/XCTest.framework; sourceTree = DEVELOPER_DIR; };
		725766931933D08700879646 /* jogoPalitoTests-Info.plist */ = {isa = PBXFileReference; lastKnownFileType = text.plist.xml; path = "jogoPalitoTests-Info.plist"; sourceTree = "<group>"; };
		725766951933D08700879646 /* en */ = {isa = PBXFileReference; lastKnownFileType = text.plist.strings; name = en; path = en.lproj/InfoPlist.strings; sourceTree = "<group>"; };
		725766971933D08700879646 /* jogoPalitoTests.m */ = {isa = PBXFileReference; lastKnownFileType = sourcecode.c.objc; path = jogoPalitoTests.m; sourceTree = "<group>"; };
		72B129F019367F6700EB6574 /* BEPJogador.h */ = {isa = PBXFileReference; fileEncoding = 4; lastKnownFileType = sourcecode.c.h; path = BEPJogador.h; sourceTree = "<group>"; };
		72B129F119367F6700EB6574 /* BEPJogador.m */ = {isa = PBXFileReference; fileEncoding = 4; lastKnownFileType = sourcecode.c.objc; path = BEPJogador.m; sourceTree = "<group>"; };
		8837824D1933D8A7003C183D /* BEPPalitosMaoViewController.h */ = {isa = PBXFileReference; fileEncoding = 4; lastKnownFileType = sourcecode.c.h; path = BEPPalitosMaoViewController.h; sourceTree = "<group>"; };
		8837824E1933D8A7003C183D /* BEPPalitosMaoViewController.m */ = {isa = PBXFileReference; fileEncoding = 4; lastKnownFileType = sourcecode.c.objc; path = BEPPalitosMaoViewController.m; sourceTree = "<group>"; };
		8837824F1933D8A7003C183D /* BEPPalitosMaoViewController.xib */ = {isa = PBXFileReference; fileEncoding = 4; lastKnownFileType = file.xib; path = BEPPalitosMaoViewController.xib; sourceTree = "<group>"; };
		88855BA11937B9E900B6850E /* BEPViewDefineQtdJogadores.h */ = {isa = PBXFileReference; fileEncoding = 4; lastKnownFileType = sourcecode.c.h; path = BEPViewDefineQtdJogadores.h; sourceTree = "<group>"; };
		88855BA21937B9E900B6850E /* BEPViewDefineQtdJogadores.m */ = {isa = PBXFileReference; fileEncoding = 4; lastKnownFileType = sourcecode.c.objc; path = BEPViewDefineQtdJogadores.m; sourceTree = "<group>"; };
		88855BA31937B9E900B6850E /* BEPViewDefineQtdJogadores.xib */ = {isa = PBXFileReference; fileEncoding = 4; lastKnownFileType = file.xib; path = BEPViewDefineQtdJogadores.xib; sourceTree = "<group>"; };
		88BCFE9A193F9F6E00F72C26 /* BEPViewMain.h */ = {isa = PBXFileReference; fileEncoding = 4; lastKnownFileType = sourcecode.c.h; path = BEPViewMain.h; sourceTree = "<group>"; };
		88BCFE9B193F9F6E00F72C26 /* BEPViewMain.m */ = {isa = PBXFileReference; fileEncoding = 4; lastKnownFileType = sourcecode.c.objc; path = BEPViewMain.m; sourceTree = "<group>"; };
		88BCFE9C193F9F6E00F72C26 /* BEPViewMain.xib */ = {isa = PBXFileReference; fileEncoding = 4; lastKnownFileType = file.xib; path = BEPViewMain.xib; sourceTree = "<group>"; };
		88BCFE9F193FAEBF00F72C26 /* BEPViewDefineAposta.h */ = {isa = PBXFileReference; fileEncoding = 4; lastKnownFileType = sourcecode.c.h; path = BEPViewDefineAposta.h; sourceTree = "<group>"; };
		88BCFEA0193FAEBF00F72C26 /* BEPViewDefineAposta.m */ = {isa = PBXFileReference; fileEncoding = 4; lastKnownFileType = sourcecode.c.objc; path = BEPViewDefineAposta.m; sourceTree = "<group>"; };
		88BCFEA1193FAEBF00F72C26 /* BEPViewDefineAposta.xib */ = {isa = PBXFileReference; fileEncoding = 4; lastKnownFileType = file.xib; path = BEPViewDefineAposta.xib; sourceTree = "<group>"; };
		88D1E8CB1940D5F500E4809A /* BEPViewApresentaResulSP.h */ = {isa = PBXFileReference; fileEncoding = 4; lastKnownFileType = sourcecode.c.h; path = BEPViewApresentaResulSP.h; sourceTree = "<group>"; };
		88D1E8CC1940D5F500E4809A /* BEPViewApresentaResulSP.m */ = {isa = PBXFileReference; fileEncoding = 4; lastKnownFileType = sourcecode.c.objc; path = BEPViewApresentaResulSP.m; sourceTree = "<group>"; };
		88D1E8CD1940D5F500E4809A /* BEPViewApresentaResulSP.xib */ = {isa = PBXFileReference; fileEncoding = 4; lastKnownFileType = file.xib; path = BEPViewApresentaResulSP.xib; sourceTree = "<group>"; };
/* End PBXFileReference section */

/* Begin PBXFrameworksBuildPhase section */
		7257666C1933D08600879646 /* Frameworks */ = {
			isa = PBXFrameworksBuildPhase;
			buildActionMask = 2147483647;
			files = (
				725766751933D08600879646 /* CoreGraphics.framework in Frameworks */,
				725766771933D08600879646 /* UIKit.framework in Frameworks */,
				725766731933D08600879646 /* Foundation.framework in Frameworks */,
			);
			runOnlyForDeploymentPostprocessing = 0;
		};
		725766871933D08700879646 /* Frameworks */ = {
			isa = PBXFrameworksBuildPhase;
			buildActionMask = 2147483647;
			files = (
				7257668C1933D08700879646 /* XCTest.framework in Frameworks */,
				7257668E1933D08700879646 /* UIKit.framework in Frameworks */,
				7257668D1933D08700879646 /* Foundation.framework in Frameworks */,
			);
			runOnlyForDeploymentPostprocessing = 0;
		};
/* End PBXFrameworksBuildPhase section */

/* Begin PBXGroup section */
		725766661933D08600879646 = {
			isa = PBXGroup;
			children = (
				725766781933D08600879646 /* jogoPalito */,
				725766911933D08700879646 /* jogoPalitoTests */,
				725766711933D08600879646 /* Frameworks */,
				725766701933D08600879646 /* Products */,
			);
			sourceTree = "<group>";
		};
		725766701933D08600879646 /* Products */ = {
			isa = PBXGroup;
			children = (
				7257666F1933D08600879646 /* jogoPalito.app */,
				7257668A1933D08700879646 /* jogoPalitoTests.xctest */,
			);
			name = Products;
			sourceTree = "<group>";
		};
		725766711933D08600879646 /* Frameworks */ = {
			isa = PBXGroup;
			children = (
				725766721933D08600879646 /* Foundation.framework */,
				725766741933D08600879646 /* CoreGraphics.framework */,
				725766761933D08600879646 /* UIKit.framework */,
				7257668B1933D08700879646 /* XCTest.framework */,
			);
			name = Frameworks;
			sourceTree = "<group>";
		};
		725766781933D08600879646 /* jogoPalito */ = {
			isa = PBXGroup;
			children = (
				725766811933D08600879646 /* BEPAppDelegate.h */,
				725766821933D08600879646 /* BEPAppDelegate.m */,
				8837824D1933D8A7003C183D /* BEPPalitosMaoViewController.h */,
				8837824E1933D8A7003C183D /* BEPPalitosMaoViewController.m */,
				8837824F1933D8A7003C183D /* BEPPalitosMaoViewController.xib */,
				72B129F019367F6700EB6574 /* BEPJogador.h */,
				72B129F119367F6700EB6574 /* BEPJogador.m */,
				88855BA11937B9E900B6850E /* BEPViewDefineQtdJogadores.h */,
				88855BA21937B9E900B6850E /* BEPViewDefineQtdJogadores.m */,
				88855BA31937B9E900B6850E /* BEPViewDefineQtdJogadores.xib */,
				725766841933D08600879646 /* Images.xcassets */,
				725766791933D08600879646 /* Supporting Files */,
				88BCFE9A193F9F6E00F72C26 /* BEPViewMain.h */,
				88BCFE9B193F9F6E00F72C26 /* BEPViewMain.m */,
				88BCFE9C193F9F6E00F72C26 /* BEPViewMain.xib */,
				88BCFE9F193FAEBF00F72C26 /* BEPViewDefineAposta.h */,
				88BCFEA0193FAEBF00F72C26 /* BEPViewDefineAposta.m */,
				88BCFEA1193FAEBF00F72C26 /* BEPViewDefineAposta.xib */,
				88D1E8CB1940D5F500E4809A /* BEPViewApresentaResulSP.h */,
				88D1E8CC1940D5F500E4809A /* BEPViewApresentaResulSP.m */,
				88D1E8CD1940D5F500E4809A /* BEPViewApresentaResulSP.xib */,
			);
			path = jogoPalito;
			sourceTree = "<group>";
		};
		725766791933D08600879646 /* Supporting Files */ = {
			isa = PBXGroup;
			children = (
				7257667A1933D08600879646 /* jogoPalito-Info.plist */,
				7257667B1933D08600879646 /* InfoPlist.strings */,
				7257667E1933D08600879646 /* main.m */,
				725766801933D08600879646 /* jogoPalito-Prefix.pch */,
			);
			name = "Supporting Files";
			sourceTree = "<group>";
		};
		725766911933D08700879646 /* jogoPalitoTests */ = {
			isa = PBXGroup;
			children = (
				725766971933D08700879646 /* jogoPalitoTests.m */,
				725766921933D08700879646 /* Supporting Files */,
			);
			path = jogoPalitoTests;
			sourceTree = "<group>";
		};
		725766921933D08700879646 /* Supporting Files */ = {
			isa = PBXGroup;
			children = (
				725766931933D08700879646 /* jogoPalitoTests-Info.plist */,
				725766941933D08700879646 /* InfoPlist.strings */,
			);
			name = "Supporting Files";
			sourceTree = "<group>";
		};
/* End PBXGroup section */

/* Begin PBXNativeTarget section */
		7257666E1933D08600879646 /* jogoPalito */ = {
			isa = PBXNativeTarget;
			buildConfigurationList = 7257669B1933D08700879646 /* Build configuration list for PBXNativeTarget "jogoPalito" */;
			buildPhases = (
				7257666B1933D08600879646 /* Sources */,
				7257666C1933D08600879646 /* Frameworks */,
				7257666D1933D08600879646 /* Resources */,
			);
			buildRules = (
			);
			dependencies = (
			);
			name = jogoPalito;
			productName = jogoPalito;
			productReference = 7257666F1933D08600879646 /* jogoPalito.app */;
			productType = "com.apple.product-type.application";
		};
		725766891933D08700879646 /* jogoPalitoTests */ = {
			isa = PBXNativeTarget;
			buildConfigurationList = 7257669E1933D08700879646 /* Build configuration list for PBXNativeTarget "jogoPalitoTests" */;
			buildPhases = (
				725766861933D08700879646 /* Sources */,
				725766871933D08700879646 /* Frameworks */,
				725766881933D08700879646 /* Resources */,
			);
			buildRules = (
			);
			dependencies = (
				725766901933D08700879646 /* PBXTargetDependency */,
			);
			name = jogoPalitoTests;
			productName = jogoPalitoTests;
			productReference = 7257668A1933D08700879646 /* jogoPalitoTests.xctest */;
			productType = "com.apple.product-type.bundle.unit-test";
		};
/* End PBXNativeTarget section */

/* Begin PBXProject section */
		725766671933D08600879646 /* Project object */ = {
			isa = PBXProject;
			attributes = {
				CLASSPREFIX = BEP;
				LastUpgradeCheck = 0510;
				ORGANIZATIONNAME = "Luiz Ilha Moschem";
				TargetAttributes = {
					7257666E1933D08600879646 = {
						DevelopmentTeam = D8L672K4S5;
					};
					725766891933D08700879646 = {
						TestTargetID = 7257666E1933D08600879646;
					};
				};
			};
			buildConfigurationList = 7257666A1933D08600879646 /* Build configuration list for PBXProject "jogoPalito" */;
			compatibilityVersion = "Xcode 3.2";
			developmentRegion = English;
			hasScannedForEncodings = 0;
			knownRegions = (
				en,
			);
			mainGroup = 725766661933D08600879646;
			productRefGroup = 725766701933D08600879646 /* Products */;
			projectDirPath = "";
			projectRoot = "";
			targets = (
				7257666E1933D08600879646 /* jogoPalito */,
				725766891933D08700879646 /* jogoPalitoTests */,
			);
		};
/* End PBXProject section */

/* Begin PBXResourcesBuildPhase section */
		7257666D1933D08600879646 /* Resources */ = {
			isa = PBXResourcesBuildPhase;
			buildActionMask = 2147483647;
			files = (
				7257667D1933D08600879646 /* InfoPlist.strings in Resources */,
				88BCFEA3193FAEBF00F72C26 /* BEPViewDefineAposta.xib in Resources */,
				88BCFE9E193F9F6E00F72C26 /* BEPViewMain.xib in Resources */,
				725766851933D08600879646 /* Images.xcassets in Resources */,
				883782511933D8A7003C183D /* BEPPalitosMaoViewController.xib in Resources */,
				88855BA51937B9E900B6850E /* BEPViewDefineQtdJogadores.xib in Resources */,
				88D1E8CF1940D5F500E4809A /* BEPViewApresentaResulSP.xib in Resources */,
			);
			runOnlyForDeploymentPostprocessing = 0;
		};
		725766881933D08700879646 /* Resources */ = {
			isa = PBXResourcesBuildPhase;
			buildActionMask = 2147483647;
			files = (
				725766961933D08700879646 /* InfoPlist.strings in Resources */,
			);
			runOnlyForDeploymentPostprocessing = 0;
		};
/* End PBXResourcesBuildPhase section */

/* Begin PBXSourcesBuildPhase section */
		7257666B1933D08600879646 /* Sources */ = {
			isa = PBXSourcesBuildPhase;
			buildActionMask = 2147483647;
			files = (
				72B129F219367F6700EB6574 /* BEPJogador.m in Sources */,
				88BCFE9D193F9F6E00F72C26 /* BEPViewMain.m in Sources */,
				88855BA41937B9E900B6850E /* BEPViewDefineQtdJogadores.m in Sources */,
				88BCFEA2193FAEBF00F72C26 /* BEPViewDefineAposta.m in Sources */,
				725766831933D08600879646 /* BEPAppDelegate.m in Sources */,
				7257667F1933D08600879646 /* main.m in Sources */,
				883782501933D8A7003C183D /* BEPPalitosMaoViewController.m in Sources */,
				88D1E8CE1940D5F500E4809A /* BEPViewApresentaResulSP.m in Sources */,
			);
			runOnlyForDeploymentPostprocessing = 0;
		};
		725766861933D08700879646 /* Sources */ = {
			isa = PBXSourcesBuildPhase;
			buildActionMask = 2147483647;
			files = (
				725766981933D08700879646 /* jogoPalitoTests.m in Sources */,
			);
			runOnlyForDeploymentPostprocessing = 0;
		};
/* End PBXSourcesBuildPhase section */

/* Begin PBXTargetDependency section */
		725766901933D08700879646 /* PBXTargetDependency */ = {
			isa = PBXTargetDependency;
			target = 7257666E1933D08600879646 /* jogoPalito */;
			targetProxy = 7257668F1933D08700879646 /* PBXContainerItemProxy */;
		};
/* End PBXTargetDependency section */

/* Begin PBXVariantGroup section */
		7257667B1933D08600879646 /* InfoPlist.strings */ = {
			isa = PBXVariantGroup;
			children = (
				7257667C1933D08600879646 /* en */,
			);
			name = InfoPlist.strings;
			sourceTree = "<group>";
		};
		725766941933D08700879646 /* InfoPlist.strings */ = {
			isa = PBXVariantGroup;
			children = (
				725766951933D08700879646 /* en */,
			);
			name = InfoPlist.strings;
			sourceTree = "<group>";
		};
/* End PBXVariantGroup section */

/* Begin XCBuildConfiguration section */
		725766991933D08700879646 /* Debug */ = {
			isa = XCBuildConfiguration;
			buildSettings = {
				ALWAYS_SEARCH_USER_PATHS = NO;
				CLANG_CXX_LANGUAGE_STANDARD = "gnu++0x";
				CLANG_CXX_LIBRARY = "libc++";
				CLANG_ENABLE_MODULES = YES;
				CLANG_ENABLE_OBJC_ARC = YES;
				CLANG_WARN_BOOL_CONVERSION = YES;
				CLANG_WARN_CONSTANT_CONVERSION = YES;
				CLANG_WARN_DIRECT_OBJC_ISA_USAGE = YES_ERROR;
				CLANG_WARN_EMPTY_BODY = YES;
				CLANG_WARN_ENUM_CONVERSION = YES;
				CLANG_WARN_INT_CONVERSION = YES;
				CLANG_WARN_OBJC_ROOT_CLASS = YES_ERROR;
				CLANG_WARN__DUPLICATE_METHOD_MATCH = YES;
				"CODE_SIGN_IDENTITY[sdk=iphoneos*]" = "iPhone Developer";
				COPY_PHASE_STRIP = NO;
				GCC_C_LANGUAGE_STANDARD = gnu99;
				GCC_DYNAMIC_NO_PIC = NO;
				GCC_OPTIMIZATION_LEVEL = 0;
				GCC_PREPROCESSOR_DEFINITIONS = (
					"DEBUG=1",
					"$(inherited)",
				);
				GCC_SYMBOLS_PRIVATE_EXTERN = NO;
				GCC_WARN_64_TO_32_BIT_CONVERSION = YES;
				GCC_WARN_ABOUT_RETURN_TYPE = YES_ERROR;
				GCC_WARN_UNDECLARED_SELECTOR = YES;
				GCC_WARN_UNINITIALIZED_AUTOS = YES_AGGRESSIVE;
				GCC_WARN_UNUSED_FUNCTION = YES;
				GCC_WARN_UNUSED_VARIABLE = YES;
				IPHONEOS_DEPLOYMENT_TARGET = 7.1;
				ONLY_ACTIVE_ARCH = YES;
				SDKROOT = iphoneos;
			};
			name = Debug;
		};
		7257669A1933D08700879646 /* Release */ = {
			isa = XCBuildConfiguration;
			buildSettings = {
				ALWAYS_SEARCH_USER_PATHS = NO;
				CLANG_CXX_LANGUAGE_STANDARD = "gnu++0x";
				CLANG_CXX_LIBRARY = "libc++";
				CLANG_ENABLE_MODULES = YES;
				CLANG_ENABLE_OBJC_ARC = YES;
				CLANG_WARN_BOOL_CONVERSION = YES;
				CLANG_WARN_CONSTANT_CONVERSION = YES;
				CLANG_WARN_DIRECT_OBJC_ISA_USAGE = YES_ERROR;
				CLANG_WARN_EMPTY_BODY = YES;
				CLANG_WARN_ENUM_CONVERSION = YES;
				CLANG_WARN_INT_CONVERSION = YES;
				CLANG_WARN_OBJC_ROOT_CLASS = YES_ERROR;
				CLANG_WARN__DUPLICATE_METHOD_MATCH = YES;
				"CODE_SIGN_IDENTITY[sdk=iphoneos*]" = "iPhone Developer";
				COPY_PHASE_STRIP = YES;
				ENABLE_NS_ASSERTIONS = NO;
				GCC_C_LANGUAGE_STANDARD = gnu99;
				GCC_WARN_64_TO_32_BIT_CONVERSION = YES;
				GCC_WARN_ABOUT_RETURN_TYPE = YES_ERROR;
				GCC_WARN_UNDECLARED_SELECTOR = YES;
				GCC_WARN_UNINITIALIZED_AUTOS = YES_AGGRESSIVE;
				GCC_WARN_UNUSED_FUNCTION = YES;
				GCC_WARN_UNUSED_VARIABLE = YES;
				IPHONEOS_DEPLOYMENT_TARGET = 7.1;
				SDKROOT = iphoneos;
				VALIDATE_PRODUCT = YES;
			};
			name = Release;
		};
		7257669C1933D08700879646 /* Debug */ = {
			isa = XCBuildConfiguration;
			buildSettings = {
				ASSETCATALOG_COMPILER_APPICON_NAME = AppIcon;
				ASSETCATALOG_COMPILER_LAUNCHIMAGE_NAME = LaunchImage;
				CODE_SIGN_IDENTITY = "iPhone Developer";
				"CODE_SIGN_IDENTITY[sdk=iphoneos*]" = "iPhone Developer";
				GCC_PRECOMPILE_PREFIX_HEADER = YES;
				GCC_PREFIX_HEADER = "jogoPalito/jogoPalito-Prefix.pch";
				INFOPLIST_FILE = "jogoPalito/jogoPalito-Info.plist";
				PRODUCT_NAME = "$(TARGET_NAME)";
				PROVISIONING_PROFILE = "";
				WRAPPER_EXTENSION = app;
			};
			name = Debug;
		};
		7257669D1933D08700879646 /* Release */ = {
			isa = XCBuildConfiguration;
			buildSettings = {
				ASSETCATALOG_COMPILER_APPICON_NAME = AppIcon;
				ASSETCATALOG_COMPILER_LAUNCHIMAGE_NAME = LaunchImage;
				CODE_SIGN_IDENTITY = "iPhone Developer";
				"CODE_SIGN_IDENTITY[sdk=iphoneos*]" = "iPhone Developer";
				GCC_PRECOMPILE_PREFIX_HEADER = YES;
				GCC_PREFIX_HEADER = "jogoPalito/jogoPalito-Prefix.pch";
				INFOPLIST_FILE = "jogoPalito/jogoPalito-Info.plist";
				PRODUCT_NAME = "$(TARGET_NAME)";
				PROVISIONING_PROFILE = "";
				WRAPPER_EXTENSION = app;
			};
			name = Release;
		};
		7257669F1933D08700879646 /* Debug */ = {
			isa = XCBuildConfiguration;
			buildSettings = {
				BUNDLE_LOADER = "$(BUILT_PRODUCTS_DIR)/jogoPalito.app/jogoPalito";
				FRAMEWORK_SEARCH_PATHS = (
					"$(SDKROOT)/Developer/Library/Frameworks",
					"$(inherited)",
					"$(DEVELOPER_FRAMEWORKS_DIR)",
				);
				GCC_PRECOMPILE_PREFIX_HEADER = YES;
				GCC_PREFIX_HEADER = "jogoPalito/jogoPalito-Prefix.pch";
				GCC_PREPROCESSOR_DEFINITIONS = (
					"DEBUG=1",
					"$(inherited)",
				);
				INFOPLIST_FILE = "jogoPalitoTests/jogoPalitoTests-Info.plist";
				PRODUCT_NAME = "$(TARGET_NAME)";
				TEST_HOST = "$(BUNDLE_LOADER)";
				WRAPPER_EXTENSION = xctest;
			};
			name = Debug;
		};
		725766A01933D08700879646 /* Release */ = {
			isa = XCBuildConfiguration;
			buildSettings = {
				BUNDLE_LOADER = "$(BUILT_PRODUCTS_DIR)/jogoPalito.app/jogoPalito";
				FRAMEWORK_SEARCH_PATHS = (
					"$(SDKROOT)/Developer/Library/Frameworks",
					"$(inherited)",
					"$(DEVELOPER_FRAMEWORKS_DIR)",
				);
				GCC_PRECOMPILE_PREFIX_HEADER = YES;
				GCC_PREFIX_HEADER = "jogoPalito/jogoPalito-Prefix.pch";
				INFOPLIST_FILE = "jogoPalitoTests/jogoPalitoTests-Info.plist";
				PRODUCT_NAME = "$(TARGET_NAME)";
				TEST_HOST = "$(BUNDLE_LOADER)";
				WRAPPER_EXTENSION = xctest;
			};
			name = Release;
		};
/* End XCBuildConfiguration section */

/* Begin XCConfigurationList section */
		7257666A1933D08600879646 /* Build configuration list for PBXProject "jogoPalito" */ = {
			isa = XCConfigurationList;
			buildConfigurations = (
				725766991933D08700879646 /* Debug */,
				7257669A1933D08700879646 /* Release */,
			);
			defaultConfigurationIsVisible = 0;
			defaultConfigurationName = Release;
		};
		7257669B1933D08700879646 /* Build configuration list for PBXNativeTarget "jogoPalito" */ = {
			isa = XCConfigurationList;
			buildConfigurations = (
				7257669C1933D08700879646 /* Debug */,
				7257669D1933D08700879646 /* Release */,
			);
			defaultConfigurationIsVisible = 0;
			defaultConfigurationName = Release;
		};
		7257669E1933D08700879646 /* Build configuration list for PBXNativeTarget "jogoPalitoTests" */ = {
			isa = XCConfigurationList;
			buildConfigurations = (
				7257669F1933D08700879646 /* Debug */,
				725766A01933D08700879646 /* Release */,
			);
			defaultConfigurationIsVisible = 0;
			defaultConfigurationName = Release;
		};
/* End XCConfigurationList section */
	};
	rootObject = 725766671933D08600879646 /* Project object */;
}
